
Microsoft Visual Studio Solution File, Format Version 12.00
# Visual Studio Version 17
VisualStudioVersion = 17.5.002.0
MinimumVisualStudioVersion = 10.0.40219.1
Project("{9A19103F-16F7-4668-BE54-9A1E7A4F7556}") = "ProcessResourcesMonitor", "ProcessResourcesMonitor.csproj", "{FC2C67FA-1AAC-4D50-BC60-F1DEAEA2A055}"
EndProject
Global
	GlobalSection(SolutionConfigurationPlatforms) = preSolution
		Debug|Any CPU = Debug|Any CPU
		Release|Any CPU = Release|Any CPU
	EndGlobalSection
	GlobalSection(ProjectConfigurationPlatforms) = postSolution
		{FC2C67FA-1AAC-4D50-BC60-F1DEAEA2A055}.Debug|Any CPU.ActiveCfg = Debug|Any CPU
		{FC2C67FA-1AAC-4D50-BC60-F1DEAEA2A055}.Debug|Any CPU.Build.0 = Debug|Any CPU
		{FC2C67FA-1AAC-4D50-BC60-F1DEAEA2A055}.Release|Any CPU.ActiveCfg = Release|Any CPU
		{FC2C67FA-1AAC-4D50-BC60-F1DEAEA2A055}.Release|Any CPU.Build.0 = Release|Any CPU
	EndGlobalSection
	GlobalSection(SolutionProperties) = preSolution
		HideSolutionNode = FALSE
	EndGlobalSection
	GlobalSection(ExtensibilityGlobals) = postSolution
		SolutionGuid = {7F1FC018-374D-4B7B-A4F4-AF293F08F9F8}
	EndGlobalSection
EndGlobal
